
Microsoft Visual Studio Solution File, Format Version 12.00
# Visual Studio 2013
VisualStudioVersion = 12.0.21005.1
MinimumVisualStudioVersion = 10.0.40219.1
Project("{FAE04EC0-301F-11D3-BF4B-00C04F79EFBC}") = "BasicCrudOperations", "BasicCrudOperations\BasicCrudOperations.csproj", "{FBD07EE0-3092-4DD4-A9A8-8DFA3A6E2308}"
EndProject
Project("{FAE04EC0-301F-11D3-BF4B-00C04F79EFBC}") = "DataBaseConstraints", "DataBaseConstraints\DataBaseConstraints.csproj", "{7D36D89F-6824-4F5D-8BD3-741F0838EDFA}"
EndProject
Global
	GlobalSection(SolutionConfigurationPlatforms) = preSolution
		Debug|Any CPU = Debug|Any CPU
		Release|Any CPU = Release|Any CPU
	EndGlobalSection
	GlobalSection(ProjectConfigurationPlatforms) = postSolution
		{FBD07EE0-3092-4DD4-A9A8-8DFA3A6E2308}.Debug|Any CPU.ActiveCfg = Debug|Any CPU
		{FBD07EE0-3092-4DD4-A9A8-8DFA3A6E2308}.Debug|Any CPU.Build.0 = Debug|Any CPU
		{FBD07EE0-3092-4DD4-A9A8-8DFA3A6E2308}.Release|Any CPU.ActiveCfg = Release|Any CPU
		{FBD07EE0-3092-4DD4-A9A8-8DFA3A6E2308}.Release|Any CPU.Build.0 = Release|Any CPU
		{7D36D89F-6824-4F5D-8BD3-741F0838EDFA}.Debug|Any CPU.ActiveCfg = Debug|Any CPU
		{7D36D89F-6824-4F5D-8BD3-741F0838EDFA}.Debug|Any CPU.Build.0 = Debug|Any CPU
		{7D36D89F-6824-4F5D-8BD3-741F0838EDFA}.Release|Any CPU.ActiveCfg = Release|Any CPU
		{7D36D89F-6824-4F5D-8BD3-741F0838EDFA}.Release|Any CPU.Build.0 = Release|Any CPU
	EndGlobalSection
	GlobalSection(SolutionProperties) = preSolution
		HideSolutionNode = FALSE
	EndGlobalSection
EndGlobal
